
Microsoft Visual Studio Solution File, Format Version 12.00
# Visual Studio Version 17
VisualStudioVersion = 17.3.32825.248
MinimumVisualStudioVersion = 10.0.40219.1
Project("{FAE04EC0-301F-11D3-BF4B-00C04F79EFBC}") = "Mutex-Sumple-App-WPF", "Mutex-Sumple-App-WPF\Mutex-Sumple-App-WPF.csproj", "{B74AE3CE-1795-4CB5-895B-03E8EDD82DD6}"
EndProject
Global
	GlobalSection(SolutionConfigurationPlatforms) = preSolution
		Debug|Any CPU = Debug|Any CPU
		Release|Any CPU = Release|Any CPU
	EndGlobalSection
	GlobalSection(ProjectConfigurationPlatforms) = postSolution
		{B74AE3CE-1795-4CB5-895B-03E8EDD82DD6}.Debug|Any CPU.ActiveCfg = Debug|Any CPU
		{B74AE3CE-1795-4CB5-895B-03E8EDD82DD6}.Debug|Any CPU.Build.0 = Debug|Any CPU
		{B74AE3CE-1795-4CB5-895B-03E8EDD82DD6}.Release|Any CPU.ActiveCfg = Release|Any CPU
		{B74AE3CE-1795-4CB5-895B-03E8EDD82DD6}.Release|Any CPU.Build.0 = Release|Any CPU
	EndGlobalSection
	GlobalSection(SolutionProperties) = preSolution
		HideSolutionNode = FALSE
	EndGlobalSection
	GlobalSection(ExtensibilityGlobals) = postSolution
		SolutionGuid = {F1120688-BD4D-41C0-B8BC-E6CA894CD25F}
	EndGlobalSection
EndGlobal
